
Microsoft Visual Studio Solution File, Format Version 12.00
Project("{FAE04EC0-301F-11D3-BF4B-00C04F79EFBC}") = "EduQuiz.API", "EduQuiz.API\EduQuiz.API.csproj", "{9DE98E23-B8B1-47F1-A412-A4C437A37B05}"
EndProject
Project("{FAE04EC0-301F-11D3-BF4B-00C04F79EFBC}") = "EduQuiz.Application", "EduQuiz.Application\EduQuiz.Application.csproj", "{85856E5B-EB7A-4B05-9A93-6F69D34457DD}"
EndProject
Project("{FAE04EC0-301F-11D3-BF4B-00C04F79EFBC}") = "EduQuiz.Domain", "EduQuiz.Domain\EduQuiz.Domain.csproj", "{5095349C-5AE6-44EF-8A5E-AD780FADC31A}"
EndProject
Project("{FAE04EC0-301F-11D3-BF4B-00C04F79EFBC}") = "EduQuiz.Infrastructure", "EduQuiz.Infrastructure\EduQuiz.Infrastructure.csproj", "{D0C677F9-A751-4B74-98A5-5FD07EA3F180}"
EndProject
Global
	GlobalSection(SolutionConfigurationPlatforms) = preSolution
		Debug|Any CPU = Debug|Any CPU
		Release|Any CPU = Release|Any CPU
	EndGlobalSection
	GlobalSection(ProjectConfigurationPlatforms) = postSolution
		{9DE98E23-B8B1-47F1-A412-A4C437A37B05}.Debug|Any CPU.ActiveCfg = Debug|Any CPU
		{9DE98E23-B8B1-47F1-A412-A4C437A37B05}.Debug|Any CPU.Build.0 = Debug|Any CPU
		{9DE98E23-B8B1-47F1-A412-A4C437A37B05}.Release|Any CPU.ActiveCfg = Release|Any CPU
		{9DE98E23-B8B1-47F1-A412-A4C437A37B05}.Release|Any CPU.Build.0 = Release|Any CPU
		{85856E5B-EB7A-4B05-9A93-6F69D34457DD}.Debug|Any CPU.ActiveCfg = Debug|Any CPU
		{85856E5B-EB7A-4B05-9A93-6F69D34457DD}.Debug|Any CPU.Build.0 = Debug|Any CPU
		{85856E5B-EB7A-4B05-9A93-6F69D34457DD}.Release|Any CPU.ActiveCfg = Release|Any CPU
		{85856E5B-EB7A-4B05-9A93-6F69D34457DD}.Release|Any CPU.Build.0 = Release|Any CPU
		{5095349C-5AE6-44EF-8A5E-AD780FADC31A}.Debug|Any CPU.ActiveCfg = Debug|Any CPU
		{5095349C-5AE6-44EF-8A5E-AD780FADC31A}.Debug|Any CPU.Build.0 = Debug|Any CPU
		{5095349C-5AE6-44EF-8A5E-AD780FADC31A}.Release|Any CPU.ActiveCfg = Release|Any CPU
		{5095349C-5AE6-44EF-8A5E-AD780FADC31A}.Release|Any CPU.Build.0 = Release|Any CPU
		{D0C677F9-A751-4B74-98A5-5FD07EA3F180}.Debug|Any CPU.ActiveCfg = Debug|Any CPU
		{D0C677F9-A751-4B74-98A5-5FD07EA3F180}.Debug|Any CPU.Build.0 = Debug|Any CPU
		{D0C677F9-A751-4B74-98A5-5FD07EA3F180}.Release|Any CPU.ActiveCfg = Release|Any CPU
		{D0C677F9-A751-4B74-98A5-5FD07EA3F180}.Release|Any CPU.Build.0 = Release|Any CPU
	EndGlobalSection
EndGlobal
